// !$*UTF8*$!
{
	archiveVersion = 1;
	classes = {
	};
	objectVersion = 46;
	objects = {

/* Begin PBXBuildFile section */
		0E26060A1C74D53200B01779 /* AppDelegate.swift in Sources */ = {isa = PBXBuildFile; fileRef = 0E2606091C74D53200B01779 /* AppDelegate.swift */; };
		0E26060C1C74D53200B01779 /* ParentViewController.swift in Sources */ = {isa = PBXBuildFile; fileRef = 0E26060B1C74D53200B01779 /* ParentViewController.swift */; };
		0E26060F1C74D53200B01779 /* Main.storyboard in Resources */ = {isa = PBXBuildFile; fileRef = 0E26060D1C74D53200B01779 /* Main.storyboard */; };
		0E2606111C74D53200B01779 /* Assets.xcassets in Resources */ = {isa = PBXBuildFile; fileRef = 0E2606101C74D53200B01779 /* Assets.xcassets */; };
		0E2606141C74D53200B01779 /* LaunchScreen.storyboard in Resources */ = {isa = PBXBuildFile; fileRef = 0E2606121C74D53200B01779 /* LaunchScreen.storyboard */; };
		0E26061F1C74D53200B01779 /* UIPageViewControllerSampleTests.swift in Sources */ = {isa = PBXBuildFile; fileRef = 0E26061E1C74D53200B01779 /* UIPageViewControllerSampleTests.swift */; };
		0E26062A1C74D53200B01779 /* UIPageViewControllerSampleUITests.swift in Sources */ = {isa = PBXBuildFile; fileRef = 0E2606291C74D53200B01779 /* UIPageViewControllerSampleUITests.swift */; };
		0E2606381C74D78300B01779 /* ContainerViewController.swift in Sources */ = {isa = PBXBuildFile; fileRef = 0E2606371C74D78300B01779 /* ContainerViewController.swift */; };
/* End PBXBuildFile section */

/* Begin PBXContainerItemProxy section */
		0E26061B1C74D53200B01779 /* PBXContainerItemProxy */ = {
			isa = PBXContainerItemProxy;
			containerPortal = 0E2605FE1C74D53200B01779 /* Project object */;
			proxyType = 1;
			remoteGlobalIDString = 0E2606051C74D53200B01779;
			remoteInfo = UIPageViewControllerSample;
		};
		0E2606261C74D53200B01779 /* PBXContainerItemProxy */ = {
			isa = PBXContainerItemProxy;
			containerPortal = 0E2605FE1C74D53200B01779 /* Project object */;
			proxyType = 1;
			remoteGlobalIDString = 0E2606051C74D53200B01779;
			remoteInfo = UIPageViewControllerSample;
		};
/* End PBXContainerItemProxy section */

/* Begin PBXFileReference section */
		0E2606061C74D53200B01779 /* UIPageViewControllerSample.app */ = {isa = PBXFileReference; explicitFileType = wrapper.application; includeInIndex = 0; path = UIPageViewControllerSample.app; sourceTree = BUILT_PRODUCTS_DIR; };
		0E2606091C74D53200B01779 /* AppDelegate.swift */ = {isa = PBXFileReference; lastKnownFileType = sourcecode.swift; path = AppDelegate.swift; sourceTree = "<group>"; };
		0E26060B1C74D53200B01779 /* ParentViewController.swift */ = {isa = PBXFileReference; lastKnownFileType = sourcecode.swift; path = ParentViewController.swift; sourceTree = "<group>"; };
		0E26060E1C74D53200B01779 /* Base */ = {isa = PBXFileReference; lastKnownFileType = file.storyboard; name = Base; path = Base.lproj/Main.storyboard; sourceTree = "<group>"; };
		0E2606101C74D53200B01779 /* Assets.xcassets */ = {isa = PBXFileReference; lastKnownFileType = folder.assetcatalog; path = Assets.xcassets; sourceTree = "<group>"; };
		0E2606131C74D53200B01779 /* Base */ = {isa = PBXFileReference; lastKnownFileType = file.storyboard; name = Base; path = Base.lproj/LaunchScreen.storyboard; sourceTree = "<group>"; };
		0E2606151C74D53200B01779 /* Info.plist */ = {isa = PBXFileReference; lastKnownFileType = text.plist.xml; path = Info.plist; sourceTree = "<group>"; };
		0E26061A1C74D53200B01779 /* UIPageViewControllerSampleTests.xctest */ = {isa = PBXFileReference; explicitFileType = wrapper.cfbundle; includeInIndex = 0; path = UIPageViewControllerSampleTests.xctest; sourceTree = BUILT_PRODUCTS_DIR; };
		0E26061E1C74D53200B01779 /* UIPageViewControllerSampleTests.swift */ = {isa = PBXFileReference; lastKnownFileType = sourcecode.swift; path = UIPageViewControllerSampleTests.swift; sourceTree = "<group>"; };
		0E2606201C74D53200B01779 /* Info.plist */ = {isa = PBXFileReference; lastKnownFileType = text.plist.xml; path = Info.plist; sourceTree = "<group>"; };
		0E2606251C74D53200B01779 /* UIPageViewControllerSampleUITests.xctest */ = {isa = PBXFileReference; explicitFileType = wrapper.cfbundle; includeInIndex = 0; path = UIPageViewControllerSampleUITests.xctest; sourceTree = BUILT_PRODUCTS_DIR; };
		0E2606291C74D53200B01779 /* UIPageViewControllerSampleUITests.swift */ = {isa = PBXFileReference; lastKnownFileType = sourcecode.swift; path = UIPageViewControllerSampleUITests.swift; sourceTree = "<group>"; };
		0E26062B1C74D53200B01779 /* Info.plist */ = {isa = PBXFileReference; lastKnownFileType = text.plist.xml; path = Info.plist; sourceTree = "<group>"; };
		0E2606371C74D78300B01779 /* ContainerViewController.swift */ = {isa = PBXFileReference; fileEncoding = 4; lastKnownFileType = sourcecode.swift; path = ContainerViewController.swift; sourceTree = "<group>"; };
/* End PBXFileReference section */

/* Begin PBXFrameworksBuildPhase section */
		0E2606031C74D53200B01779 /* Frameworks */ = {
			isa = PBXFrameworksBuildPhase;
			buildActionMask = 2147483647;
			files = (
			);
			runOnlyForDeploymentPostprocessing = 0;
		};
		0E2606171C74D53200B01779 /* Frameworks */ = {
			isa = PBXFrameworksBuildPhase;
			buildActionMask = 2147483647;
			files = (
			);
			runOnlyForDeploymentPostprocessing = 0;
		};
		0E2606221C74D53200B01779 /* Frameworks */ = {
			isa = PBXFrameworksBuildPhase;
			buildActionMask = 2147483647;
			files = (
			);
			runOnlyForDeploymentPostprocessing = 0;
		};
/* End PBXFrameworksBuildPhase section */

/* Begin PBXGroup section */
		0E2605FD1C74D53200B01779 = {
			isa = PBXGroup;
			children = (
				0E2606081C74D53200B01779 /* UIPageViewControllerSample */,
				0E26061D1C74D53200B01779 /* UIPageViewControllerSampleTests */,
				0E2606281C74D53200B01779 /* UIPageViewControllerSampleUITests */,
				0E2606071C74D53200B01779 /* Products */,
			);
			sourceTree = "<group>";
		};
		0E2606071C74D53200B01779 /* Products */ = {
			isa = PBXGroup;
			children = (
				0E2606061C74D53200B01779 /* UIPageViewControllerSample.app */,
				0E26061A1C74D53200B01779 /* UIPageViewControllerSampleTests.xctest */,
				0E2606251C74D53200B01779 /* UIPageViewControllerSampleUITests.xctest */,
			);
			name = Products;
			sourceTree = "<group>";
		};
		0E2606081C74D53200B01779 /* UIPageViewControllerSample */ = {
			isa = PBXGroup;
			children = (
				0E2606091C74D53200B01779 /* AppDelegate.swift */,
				0E26060B1C74D53200B01779 /* ParentViewController.swift */,
				0E26060D1C74D53200B01779 /* Main.storyboard */,
				0E2606101C74D53200B01779 /* Assets.xcassets */,
				0E2606121C74D53200B01779 /* LaunchScreen.storyboard */,
				0E2606151C74D53200B01779 /* Info.plist */,
				0E2606371C74D78300B01779 /* ContainerViewController.swift */,
			);
			path = UIPageViewControllerSample;
			sourceTree = "<group>";
		};
		0E26061D1C74D53200B01779 /* UIPageViewControllerSampleTests */ = {
			isa = PBXGroup;
			children = (
				0E26061E1C74D53200B01779 /* UIPageViewControllerSampleTests.swift */,
				0E2606201C74D53200B01779 /* Info.plist */,
			);
			path = UIPageViewControllerSampleTests;
			sourceTree = "<group>";
		};
		0E2606281C74D53200B01779 /* UIPageViewControllerSampleUITests */ = {
			isa = PBXGroup;
			children = (
				0E2606291C74D53200B01779 /* UIPageViewControllerSampleUITests.swift */,
				0E26062B1C74D53200B01779 /* Info.plist */,
			);
			path = UIPageViewControllerSampleUITests;
			sourceTree = "<group>";
		};
/* End PBXGroup section */

/* Begin PBXNativeTarget section */
		0E2606051C74D53200B01779 /* UIPageViewControllerSample */ = {
			isa = PBXNativeTarget;
			buildConfigurationList = 0E26062E1C74D53200B01779 /* Build configuration list for PBXNativeTarget "UIPageViewControllerSample" */;
			buildPhases = (
				0E2606021C74D53200B01779 /* Sources */,
				0E2606031C74D53200B01779 /* Frameworks */,
				0E2606041C74D53200B01779 /* Resources */,
			);
			buildRules = (
			);
			dependencies = (
			);
			name = UIPageViewControllerSample;
			productName = UIPageViewControllerSample;
			productReference = 0E2606061C74D53200B01779 /* UIPageViewControllerSample.app */;
			productType = "com.apple.product-type.application";
		};
		0E2606191C74D53200B01779 /* UIPageViewControllerSampleTests */ = {
			isa = PBXNativeTarget;
			buildConfigurationList = 0E2606311C74D53200B01779 /* Build configuration list for PBXNativeTarget "UIPageViewControllerSampleTests" */;
			buildPhases = (
				0E2606161C74D53200B01779 /* Sources */,
				0E2606171C74D53200B01779 /* Frameworks */,
				0E2606181C74D53200B01779 /* Resources */,
			);
			buildRules = (
			);
			dependencies = (
				0E26061C1C74D53200B01779 /* PBXTargetDependency */,
			);
			name = UIPageViewControllerSampleTests;
			productName = UIPageViewControllerSampleTests;
			productReference = 0E26061A1C74D53200B01779 /* UIPageViewControllerSampleTests.xctest */;
			productType = "com.apple.product-type.bundle.unit-test";
		};
		0E2606241C74D53200B01779 /* UIPageViewControllerSampleUITests */ = {
			isa = PBXNativeTarget;
			buildConfigurationList = 0E2606341C74D53200B01779 /* Build configuration list for PBXNativeTarget "UIPageViewControllerSampleUITests" */;
			buildPhases = (
				0E2606211C74D53200B01779 /* Sources */,
				0E2606221C74D53200B01779 /* Frameworks */,
				0E2606231C74D53200B01779 /* Resources */,
			);
			buildRules = (
			);
			dependencies = (
				0E2606271C74D53200B01779 /* PBXTargetDependency */,
			);
			name = UIPageViewControllerSampleUITests;
			productName = UIPageViewControllerSampleUITests;
			productReference = 0E2606251C74D53200B01779 /* UIPageViewControllerSampleUITests.xctest */;
			productType = "com.apple.product-type.bundle.ui-testing";
		};
/* End PBXNativeTarget section */

/* Begin PBXProject section */
		0E2605FE1C74D53200B01779 /* Project object */ = {
			isa = PBXProject;
			attributes = {
				LastSwiftUpdateCheck = 0720;
				LastUpgradeCheck = 0720;
				ORGANIZATIONNAME = "jyoti sakhare";
				TargetAttributes = {
					0E2606051C74D53200B01779 = {
						CreatedOnToolsVersion = 7.2.1;
					};
					0E2606191C74D53200B01779 = {
						CreatedOnToolsVersion = 7.2.1;
						TestTargetID = 0E2606051C74D53200B01779;
					};
					0E2606241C74D53200B01779 = {
						CreatedOnToolsVersion = 7.2.1;
						TestTargetID = 0E2606051C74D53200B01779;
					};
				};
			};
			buildConfigurationList = 0E2606011C74D53200B01779 /* Build configuration list for PBXProject "UIPageViewControllerSample" */;
			compatibilityVersion = "Xcode 3.2";
			developmentRegion = English;
			hasScannedForEncodings = 0;
			knownRegions = (
				en,
				Base,
			);
			mainGroup = 0E2605FD1C74D53200B01779;
			productRefGroup = 0E2606071C74D53200B01779 /* Products */;
			projectDirPath = "";
			projectRoot = "";
			targets = (
				0E2606051C74D53200B01779 /* UIPageViewControllerSample */,
				0E2606191C74D53200B01779 /* UIPageViewControllerSampleTests */,
				0E2606241C74D53200B01779 /* UIPageViewControllerSampleUITests */,
			);
		};
/* End PBXProject section */

/* Begin PBXResourcesBuildPhase section */
		0E2606041C74D53200B01779 /* Resources */ = {
			isa = PBXResourcesBuildPhase;
			buildActionMask = 2147483647;
			files = (
				0E2606141C74D53200B01779 /* LaunchScreen.storyboard in Resources */,
				0E2606111C74D53200B01779 /* Assets.xcassets in Resources */,
				0E26060F1C74D53200B01779 /* Main.storyboard in Resources */,
			);
			runOnlyForDeploymentPostprocessing = 0;
		};
		0E2606181C74D53200B01779 /* Resources */ = {
			isa = PBXResourcesBuildPhase;
			buildActionMask = 2147483647;
			files = (
			);
			runOnlyForDeploymentPostprocessing = 0;
		};
		0E2606231C74D53200B01779 /* Resources */ = {
			isa = PBXResourcesBuildPhase;
			buildActionMask = 2147483647;
			files = (
			);
			runOnlyForDeploymentPostprocessing = 0;
		};
/* End PBXResourcesBuildPhase section */

/* Begin PBXSourcesBuildPhase section */
		0E2606021C74D53200B01779 /* Sources */ = {
			isa = PBXSourcesBuildPhase;
			buildActionMask = 2147483647;
			files = (
				0E26060C1C74D53200B01779 /* ParentViewController.swift in Sources */,
				0E2606381C74D78300B01779 /* ContainerViewController.swift in Sources */,
				0E26060A1C74D53200B01779 /* AppDelegate.swift in Sources */,
			);
			runOnlyForDeploymentPostprocessing = 0;
		};
		0E2606161C74D53200B01779 /* Sources */ = {
			isa = PBXSourcesBuildPhase;
			buildActionMask = 2147483647;
			files = (
				0E26061F1C74D53200B01779 /* UIPageViewControllerSampleTests.swift in Sources */,
			);
			runOnlyForDeploymentPostprocessing = 0;
		};
		0E2606211C74D53200B01779 /* Sources */ = {
			isa = PBXSourcesBuildPhase;
			buildActionMask = 2147483647;
			files = (
				0E26062A1C74D53200B01779 /* UIPageViewControllerSampleUITests.swift in Sources */,
			);
			runOnlyForDeploymentPostprocessing = 0;
		};
/* End PBXSourcesBuildPhase section */

/* Begin PBXTargetDependency section */
		0E26061C1C74D53200B01779 /* PBXTargetDependency */ = {
			isa = PBXTargetDependency;
			target = 0E2606051C74D53200B01779 /* UIPageViewControllerSample */;
			targetProxy = 0E26061B1C74D53200B01779 /* PBXContainerItemProxy */;
		};
		0E2606271C74D53200B01779 /* PBXTargetDependency */ = {
			isa = PBXTargetDependency;
			target = 0E2606051C74D53200B01779 /* UIPageViewControllerSample */;
			targetProxy = 0E2606261C74D53200B01779 /* PBXContainerItemProxy */;
		};
/* End PBXTargetDependency section */

/* Begin PBXVariantGroup section */
		0E26060D1C74D53200B01779 /* Main.storyboard */ = {
			isa = PBXVariantGroup;
			children = (
				0E26060E1C74D53200B01779 /* Base */,
			);
			name = Main.storyboard;
			sourceTree = "<group>";
		};
		0E2606121C74D53200B01779 /* LaunchScreen.storyboard */ = {
			isa = PBXVariantGroup;
			children = (
				0E2606131C74D53200B01779 /* Base */,
			);
			name = LaunchScreen.storyboard;
			sourceTree = "<group>";
		};
/* End PBXVariantGroup section */

/* Begin XCBuildConfiguration section */
		0E26062C1C74D53200B01779 /* Debug */ = {
			isa = XCBuildConfiguration;
			buildSettings = {
				ALWAYS_SEARCH_USER_PATHS = NO;
				CLANG_CXX_LANGUAGE_STANDARD = "gnu++0x";
				CLANG_CXX_LIBRARY = "libc++";
				CLANG_ENABLE_MODULES = YES;
				CLANG_ENABLE_OBJC_ARC = YES;
				CLANG_WARN_BOOL_CONVERSION = YES;
				CLANG_WARN_CONSTANT_CONVERSION = YES;
				CLANG_WARN_DIRECT_OBJC_ISA_USAGE = YES_ERROR;
				CLANG_WARN_EMPTY_BODY = YES;
				CLANG_WARN_ENUM_CONVERSION = YES;
				CLANG_WARN_INT_CONVERSION = YES;
				CLANG_WARN_OBJC_ROOT_CLASS = YES_ERROR;
				CLANG_WARN_UNREACHABLE_CODE = YES;
				CLANG_WARN__DUPLICATE_METHOD_MATCH = YES;
				"CODE_SIGN_IDENTITY[sdk=iphoneos*]" = "iPhone Developer";
				COPY_PHASE_STRIP = NO;
				DEBUG_INFORMATION_FORMAT = dwarf;
				ENABLE_STRICT_OBJC_MSGSEND = YES;
				ENABLE_TESTABILITY = YES;
				GCC_C_LANGUAGE_STANDARD = gnu99;
				GCC_DYNAMIC_NO_PIC = NO;
				GCC_NO_COMMON_BLOCKS = YES;
				GCC_OPTIMIZATION_LEVEL = 0;
				GCC_PREPROCESSOR_DEFINITIONS = (
					"DEBUG=1",
					"$(inherited)",
				);
				GCC_WARN_64_TO_32_BIT_CONVERSION = YES;
				GCC_WARN_ABOUT_RETURN_TYPE = YES_ERROR;
				GCC_WARN_UNDECLARED_SELECTOR = YES;
				GCC_WARN_UNINITIALIZED_AUTOS = YES_AGGRESSIVE;
				GCC_WARN_UNUSED_FUNCTION = YES;
				GCC_WARN_UNUSED_VARIABLE = YES;
				IPHONEOS_DEPLOYMENT_TARGET = 9.2;
				MTL_ENABLE_DEBUG_INFO = YES;
				ONLY_ACTIVE_ARCH = YES;
				SDKROOT = iphoneos;
				SWIFT_OPTIMIZATION_LEVEL = "-Onone";
				TARGETED_DEVICE_FAMILY = "1,2";
			};
			name = Debug;
		};
		0E26062D1C74D53200B01779 /* Release */ = {
			isa = XCBuildConfiguration;
			buildSettings = {
				ALWAYS_SEARCH_USER_PATHS = NO;
				CLANG_CXX_LANGUAGE_STANDARD = "gnu++0x";
				CLANG_CXX_LIBRARY = "libc++";
				CLANG_ENABLE_MODULES = YES;
				CLANG_ENABLE_OBJC_ARC = YES;
				CLANG_WARN_BOOL_CONVERSION = YES;
				CLANG_WARN_CONSTANT_CONVERSION = YES;
				CLANG_WARN_DIRECT_OBJC_ISA_USAGE = YES_ERROR;
				CLANG_WARN_EMPTY_BODY = YES;
				CLANG_WARN_ENUM_CONVERSION = YES;
				CLANG_WARN_INT_CONVERSION = YES;
				CLANG_WARN_OBJC_ROOT_CLASS = YES_ERROR;
				CLANG_WARN_UNREACHABLE_CODE = YES;
				CLANG_WARN__DUPLICATE_METHOD_MATCH = YES;
				"CODE_SIGN_IDENTITY[sdk=iphoneos*]" = "iPhone Developer";
				COPY_PHASE_STRIP = NO;
				DEBUG_INFORMATION_FORMAT = "dwarf-with-dsym";
				ENABLE_NS_ASSERTIONS = NO;
				ENABLE_STRICT_OBJC_MSGSEND = YES;
				GCC_C_LANGUAGE_STANDARD = gnu99;
				GCC_NO_COMMON_BLOCKS = YES;
				GCC_WARN_64_TO_32_BIT_CONVERSION = YES;
				GCC_WARN_ABOUT_RETURN_TYPE = YES_ERROR;
				GCC_WARN_UNDECLARED_SELECTOR = YES;
				GCC_WARN_UNINITIALIZED_AUTOS = YES_AGGRESSIVE;
				GCC_WARN_UNUSED_FUNCTION = YES;
				GCC_WARN_UNUSED_VARIABLE = YES;
				IPHONEOS_DEPLOYMENT_TARGET = 9.2;
				MTL_ENABLE_DEBUG_INFO = NO;
				SDKROOT = iphoneos;
				TARGETED_DEVICE_FAMILY = "1,2";
				VALIDATE_PRODUCT = YES;
			};
			name = Release;
		};
		0E26062F1C74D53200B01779 /* Debug */ = {
			isa = XCBuildConfiguration;
			buildSettings = {
				ASSETCATALOG_COMPILER_APPICON_NAME = AppIcon;
				INFOPLIST_FILE = UIPageViewControllerSample/Info.plist;
				LD_RUNPATH_SEARCH_PATHS = "$(inherited) @executable_path/Frameworks";
				PRODUCT_BUNDLE_IDENTIFIER = com.janacare.UIPageViewControllerSample;
				PRODUCT_NAME = "$(TARGET_NAME)";
			};
			name = Debug;
		};
		0E2606301C74D53200B01779 /* Release */ = {
			isa = XCBuildConfiguration;
			buildSettings = {
				ASSETCATALOG_COMPILER_APPICON_NAME = AppIcon;
				INFOPLIST_FILE = UIPageViewControllerSample/Info.plist;
				LD_RUNPATH_SEARCH_PATHS = "$(inherited) @executable_path/Frameworks";
				PRODUCT_BUNDLE_IDENTIFIER = com.janacare.UIPageViewControllerSample;
				PRODUCT_NAME = "$(TARGET_NAME)";
			};
			name = Release;
		};
		0E2606321C74D53200B01779 /* Debug */ = {
			isa = XCBuildConfiguration;
			buildSettings = {
				BUNDLE_LOADER = "$(TEST_HOST)";
				INFOPLIST_FILE = UIPageViewControllerSampleTests/Info.plist;
				LD_RUNPATH_SEARCH_PATHS = "$(inherited) @executable_path/Frameworks @loader_path/Frameworks";
				PRODUCT_BUNDLE_IDENTIFIER = com.janacare.UIPageViewControllerSampleTests;
				PRODUCT_NAME = "$(TARGET_NAME)";
				TEST_HOST = "$(BUILT_PRODUCTS_DIR)/UIPageViewControllerSample.app/UIPageViewControllerSample";
			};
			name = Debug;
		};
		0E2606331C74D53200B01779 /* Release */ = {
			isa = XCBuildConfiguration;
			buildSettings = {
				BUNDLE_LOADER = "$(TEST_HOST)";
				INFOPLIST_FILE = UIPageViewControllerSampleTests/Info.plist;
				LD_RUNPATH_SEARCH_PATHS = "$(inherited) @executable_path/Frameworks @loader_path/Frameworks";
				PRODUCT_BUNDLE_IDENTIFIER = com.janacare.UIPageViewControllerSampleTests;
				PRODUCT_NAME = "$(TARGET_NAME)";
				TEST_HOST = "$(BUILT_PRODUCTS_DIR)/UIPageViewControllerSample.app/UIPageViewControllerSample";
			};
			name = Release;
		};
		0E2606351C74D53200B01779 /* Debug */ = {
			isa = XCBuildConfiguration;
			buildSettings = {
				INFOPLIST_FILE = UIPageViewControllerSampleUITests/Info.plist;
				LD_RUNPATH_SEARCH_PATHS = "$(inherited) @executable_path/Frameworks @loader_path/Frameworks";
				PRODUCT_BUNDLE_IDENTIFIER = com.janacare.UIPageViewControllerSampleUITests;
				PRODUCT_NAME = "$(TARGET_NAME)";
				TEST_TARGET_NAME = UIPageViewControllerSample;
				USES_XCTRUNNER = YES;
			};
			name = Debug;
		};
		0E2606361C74D53200B01779 /* Release */ = {
			isa = XCBuildConfiguration;
			buildSettings = {
				INFOPLIST_FILE = UIPageViewControllerSampleUITests/Info.plist;
				LD_RUNPATH_SEARCH_PATHS = "$(inherited) @executable_path/Frameworks @loader_path/Frameworks";
				PRODUCT_BUNDLE_IDENTIFIER = com.janacare.UIPageViewControllerSampleUITests;
				PRODUCT_NAME = "$(TARGET_NAME)";
				TEST_TARGET_NAME = UIPageViewControllerSample;
				USES_XCTRUNNER = YES;
			};
			name = Release;
		};
/* End XCBuildConfiguration section */

/* Begin XCConfigurationList section */
		0E2606011C74D53200B01779 /* Build configuration list for PBXProject "UIPageViewControllerSample" */ = {
			isa = XCConfigurationList;
			buildConfigurations = (
				0E26062C1C74D53200B01779 /* Debug */,
				0E26062D1C74D53200B01779 /* Release */,
			);
			defaultConfigurationIsVisible = 0;
			defaultConfigurationName = Release;
		};
		0E26062E1C74D53200B01779 /* Build configuration list for PBXNativeTarget "UIPageViewControllerSample" */ = {
			isa = XCConfigurationList;
			buildConfigurations = (
				0E26062F1C74D53200B01779 /* Debug */,
				0E2606301C74D53200B01779 /* Release */,
			);
			defaultConfigurationIsVisible = 0;
		};
		0E2606311C74D53200B01779 /* Build configuration list for PBXNativeTarget "UIPageViewControllerSampleTests" */ = {
			isa = XCConfigurationList;
			buildConfigurations = (
				0E2606321C74D53200B01779 /* Debug */,
				0E2606331C74D53200B01779 /* Release */,
			);
			defaultConfigurationIsVisible = 0;
		};
		0E2606341C74D53200B01779 /* Build configuration list for PBXNativeTarget "UIPageViewControllerSampleUITests" */ = {
			isa = XCConfigurationList;
			buildConfigurations = (
				0E2606351C74D53200B01779 /* Debug */,
				0E2606361C74D53200B01779 /* Release */,
			);
			defaultConfigurationIsVisible = 0;
		};
/* End XCConfigurationList section */
	};
	rootObject = 0E2605FE1C74D53200B01779 /* Project object */;
}
